
Microsoft Visual Studio Solution File, Format Version 12.00
# Visual Studio Version 16
VisualStudioVersion = 16.0.29609.76
MinimumVisualStudioVersion = 10.0.40219.1
Project("{FAE04EC0-301F-11D3-BF4B-00C04F79EFBC}") = "Fabric", "Fabric.csproj", "{3D81C220-7B0F-4183-AC0F-AE0EBA1866ED}"
EndProject
Global
	GlobalSection(SolutionConfigurationPlatforms) = preSolution
		Debug|Any CPU = Debug|Any CPU
		Release|Any CPU = Release|Any CPU
	EndGlobalSection
	GlobalSection(ProjectConfigurationPlatforms) = postSolution
		{3D81C220-7B0F-4183-AC0F-AE0EBA1866ED}.Debug|Any CPU.ActiveCfg = Debug|Any CPU
		{3D81C220-7B0F-4183-AC0F-AE0EBA1866ED}.Debug|Any CPU.Build.0 = Debug|Any CPU
		{3D81C220-7B0F-4183-AC0F-AE0EBA1866ED}.Release|Any CPU.ActiveCfg = Release|Any CPU
		{3D81C220-7B0F-4183-AC0F-AE0EBA1866ED}.Release|Any CPU.Build.0 = Release|Any CPU
	EndGlobalSection
	GlobalSection(SolutionProperties) = preSolution
		HideSolutionNode = FALSE
	EndGlobalSection
	GlobalSection(ExtensibilityGlobals) = postSolution
		SolutionGuid = {4441B597-0F8F-4874-9818-E1829096A28C}
	EndGlobalSection
EndGlobal
